// !$*UTF8*$!
{
	archiveVersion = 1;
	classes = {
	};
	objectVersion = 46;
	objects = {

/* Begin PBXBuildFile section */
		5D3F67081F9B652F00DE90E5 /* main.m in Sources */ = {isa = PBXBuildFile; fileRef = 5D3F67071F9B652F00DE90E5 /* main.m */; };
		5D3F670B1F9B652F00DE90E5 /* AppDelegate.m in Sources */ = {isa = PBXBuildFile; fileRef = 5D3F670A1F9B652F00DE90E5 /* AppDelegate.m */; };
		5D3F670E1F9B652F00DE90E5 /* ViewController.m in Sources */ = {isa = PBXBuildFile; fileRef = 5D3F670D1F9B652F00DE90E5 /* ViewController.m */; };
		5D3F67111F9B652F00DE90E5 /* Main.storyboard in Resources */ = {isa = PBXBuildFile; fileRef = 5D3F670F1F9B652F00DE90E5 /* Main.storyboard */; };
		5D3F67131F9B652F00DE90E5 /* Assets.xcassets in Resources */ = {isa = PBXBuildFile; fileRef = 5D3F67121F9B652F00DE90E5 /* Assets.xcassets */; };
		5D3F67161F9B652F00DE90E5 /* LaunchScreen.storyboard in Resources */ = {isa = PBXBuildFile; fileRef = 5D3F67141F9B652F00DE90E5 /* LaunchScreen.storyboard */; };
		5D3F67211F9B652F00DE90E5 /* __Tests.m in Sources */ = {isa = PBXBuildFile; fileRef = 5D3F67201F9B652F00DE90E5 /* __Tests.m */; };
		5D3F672C1F9B652F00DE90E5 /* __UITests.m in Sources */ = {isa = PBXBuildFile; fileRef = 5D3F672B1F9B652F00DE90E5 /* __UITests.m */; };
		5D3F67511F9B66F000DE90E5 /* AFHTTPSessionManager.m in Sources */ = {isa = PBXBuildFile; fileRef = 5D3F67451F9B66F000DE90E5 /* AFHTTPSessionManager.m */; };
		5D3F67521F9B66F000DE90E5 /* AFNetworkReachabilityManager.m in Sources */ = {isa = PBXBuildFile; fileRef = 5D3F67481F9B66F000DE90E5 /* AFNetworkReachabilityManager.m */; };
		5D3F67531F9B66F000DE90E5 /* AFSecurityPolicy.m in Sources */ = {isa = PBXBuildFile; fileRef = 5D3F674A1F9B66F000DE90E5 /* AFSecurityPolicy.m */; };
		5D3F67541F9B66F000DE90E5 /* AFURLRequestSerialization.m in Sources */ = {isa = PBXBuildFile; fileRef = 5D3F674C1F9B66F000DE90E5 /* AFURLRequestSerialization.m */; };
		5D3F67551F9B66F000DE90E5 /* AFURLResponseSerialization.m in Sources */ = {isa = PBXBuildFile; fileRef = 5D3F674E1F9B66F000DE90E5 /* AFURLResponseSerialization.m */; };
		5D3F67561F9B66F000DE90E5 /* AFURLSessionManager.m in Sources */ = {isa = PBXBuildFile; fileRef = 5D3F67501F9B66F000DE90E5 /* AFURLSessionManager.m */; };
		5D3F67591F9B694100DE90E5 /* testViewController.m in Sources */ = {isa = PBXBuildFile; fileRef = 5D3F67581F9B694100DE90E5 /* testViewController.m */; };
		5D3F675C1F9B707500DE90E5 /* model.m in Sources */ = {isa = PBXBuildFile; fileRef = 5D3F675B1F9B707500DE90E5 /* model.m */; };
		5D3F675F1F9B7D6C00DE90E5 /* MBProgressHUD.m in Sources */ = {isa = PBXBuildFile; fileRef = 5D3F675E1F9B7D6C00DE90E5 /* MBProgressHUD.m */; };
		5D9789661FB7513100A5BE50 /* Security.framework in Frameworks */ = {isa = PBXBuildFile; fileRef = 5D9789651FB7513100A5BE50 /* Security.framework */; };
		5D9789681FB7513900A5BE50 /* libiconv.tbd in Frameworks */ = {isa = PBXBuildFile; fileRef = 5D9789671FB7513900A5BE50 /* libiconv.tbd */; };
		5D97896A1FB7514000A5BE50 /* SystemConfiguration.framework in Frameworks */ = {isa = PBXBuildFile; fileRef = 5D9789691FB7514000A5BE50 /* SystemConfiguration.framework */; };
		5D97896C1FB7514800A5BE50 /* CoreGraphics.framework in Frameworks */ = {isa = PBXBuildFile; fileRef = 5D97896B1FB7514800A5BE50 /* CoreGraphics.framework */; };
		5D97896E1FB7515000A5BE50 /* libsqlite3.tbd in Frameworks */ = {isa = PBXBuildFile; fileRef = 5D97896D1FB7515000A5BE50 /* libsqlite3.tbd */; };
		5D9789701FB7515700A5BE50 /* CoreTelephony.framework in Frameworks */ = {isa = PBXBuildFile; fileRef = 5D97896F1FB7515700A5BE50 /* CoreTelephony.framework */; };
		5D9789721FB7516000A5BE50 /* libstdc++.tbd in Frameworks */ = {isa = PBXBuildFile; fileRef = 5D9789711FB7516000A5BE50 /* libstdc++.tbd */; };
		5D9789741FB7516C00A5BE50 /* libz.tbd in Frameworks */ = {isa = PBXBuildFile; fileRef = 5D9789731FB7516C00A5BE50 /* libz.tbd */; };
		5D9789771FB754D700A5BE50 /* TencentOpenApi_IOS_Bundle.bundle in Resources */ = {isa = PBXBuildFile; fileRef = 5D9789761FB754D700A5BE50 /* TencentOpenApi_IOS_Bundle.bundle */; };
		5D9789791FB754DC00A5BE50 /* TencentOpenAPI.framework in Frameworks */ = {isa = PBXBuildFile; fileRef = 5D9789781FB754DC00A5BE50 /* TencentOpenAPI.framework */; };
/* End PBXBuildFile section */

/* Begin PBXContainerItemProxy section */
		5D3F671D1F9B652F00DE90E5 /* PBXContainerItemProxy */ = {
			isa = PBXContainerItemProxy;
			containerPortal = 5D3F66FB1F9B652F00DE90E5 /* Project object */;
			proxyType = 1;
			remoteGlobalIDString = 5D3F67021F9B652F00DE90E5;
			remoteInfo = "授权";
		};
		5D3F67281F9B652F00DE90E5 /* PBXContainerItemProxy */ = {
			isa = PBXContainerItemProxy;
			containerPortal = 5D3F66FB1F9B652F00DE90E5 /* Project object */;
			proxyType = 1;
			remoteGlobalIDString = 5D3F67021F9B652F00DE90E5;
			remoteInfo = "授权";
		};
/* End PBXContainerItemProxy section */

/* Begin PBXFileReference section */
		5D3F67031F9B652F00DE90E5 /* 授权.app */ = {isa = PBXFileReference; explicitFileType = wrapper.application; includeInIndex = 0; path = "授权.app"; sourceTree = BUILT_PRODUCTS_DIR; };
		5D3F67071F9B652F00DE90E5 /* main.m */ = {isa = PBXFileReference; lastKnownFileType = sourcecode.c.objc; path = main.m; sourceTree = "<group>"; };
		5D3F67091F9B652F00DE90E5 /* AppDelegate.h */ = {isa = PBXFileReference; lastKnownFileType = sourcecode.c.h; path = AppDelegate.h; sourceTree = "<group>"; };
		5D3F670A1F9B652F00DE90E5 /* AppDelegate.m */ = {isa = PBXFileReference; lastKnownFileType = sourcecode.c.objc; path = AppDelegate.m; sourceTree = "<group>"; };
		5D3F670C1F9B652F00DE90E5 /* ViewController.h */ = {isa = PBXFileReference; lastKnownFileType = sourcecode.c.h; path = ViewController.h; sourceTree = "<group>"; };
		5D3F670D1F9B652F00DE90E5 /* ViewController.m */ = {isa = PBXFileReference; lastKnownFileType = sourcecode.c.objc; path = ViewController.m; sourceTree = "<group>"; };
		5D3F67101F9B652F00DE90E5 /* Base */ = {isa = PBXFileReference; lastKnownFileType = file.storyboard; name = Base; path = Base.lproj/Main.storyboard; sourceTree = "<group>"; };
		5D3F67121F9B652F00DE90E5 /* Assets.xcassets */ = {isa = PBXFileReference; lastKnownFileType = folder.assetcatalog; path = Assets.xcassets; sourceTree = "<group>"; };
		5D3F67151F9B652F00DE90E5 /* Base */ = {isa = PBXFileReference; lastKnownFileType = file.storyboard; name = Base; path = Base.lproj/LaunchScreen.storyboard; sourceTree = "<group>"; };
		5D3F67171F9B652F00DE90E5 /* Info.plist */ = {isa = PBXFileReference; lastKnownFileType = text.plist.xml; path = Info.plist; sourceTree = "<group>"; };
		5D3F671C1F9B652F00DE90E5 /* 授权Tests.xctest */ = {isa = PBXFileReference; explicitFileType = wrapper.cfbundle; includeInIndex = 0; path = "授权Tests.xctest"; sourceTree = BUILT_PRODUCTS_DIR; };
		5D3F67201F9B652F00DE90E5 /* __Tests.m */ = {isa = PBXFileReference; lastKnownFileType = sourcecode.c.objc; path = __Tests.m; sourceTree = "<group>"; };
		5D3F67221F9B652F00DE90E5 /* Info.plist */ = {isa = PBXFileReference; lastKnownFileType = text.plist.xml; path = Info.plist; sourceTree = "<group>"; };
		5D3F67271F9B652F00DE90E5 /* 授权UITests.xctest */ = {isa = PBXFileReference; explicitFileType = wrapper.cfbundle; includeInIndex = 0; path = "授权UITests.xctest"; sourceTree = BUILT_PRODUCTS_DIR; };
		5D3F672B1F9B652F00DE90E5 /* __UITests.m */ = {isa = PBXFileReference; lastKnownFileType = sourcecode.c.objc; path = __UITests.m; sourceTree = "<group>"; };
		5D3F672D1F9B652F00DE90E5 /* Info.plist */ = {isa = PBXFileReference; lastKnownFileType = text.plist.xml; path = Info.plist; sourceTree = "<group>"; };
		5D3F67441F9B66F000DE90E5 /* AFHTTPSessionManager.h */ = {isa = PBXFileReference; fileEncoding = 4; lastKnownFileType = sourcecode.c.h; path = AFHTTPSessionManager.h; sourceTree = "<group>"; };
		5D3F67451F9B66F000DE90E5 /* AFHTTPSessionManager.m */ = {isa = PBXFileReference; fileEncoding = 4; lastKnownFileType = sourcecode.c.objc; path = AFHTTPSessionManager.m; sourceTree = "<group>"; };
		5D3F67461F9B66F000DE90E5 /* AFNetworking.h */ = {isa = PBXFileReference; fileEncoding = 4; lastKnownFileType = sourcecode.c.h; path = AFNetworking.h; sourceTree = "<group>"; };
		5D3F67471F9B66F000DE90E5 /* AFNetworkReachabilityManager.h */ = {isa = PBXFileReference; fileEncoding = 4; lastKnownFileType = sourcecode.c.h; path = AFNetworkReachabilityManager.h; sourceTree = "<group>"; };
		5D3F67481F9B66F000DE90E5 /* AFNetworkReachabilityManager.m */ = {isa = PBXFileReference; fileEncoding = 4; lastKnownFileType = sourcecode.c.objc; path = AFNetworkReachabilityManager.m; sourceTree = "<group>"; };
		5D3F67491F9B66F000DE90E5 /* AFSecurityPolicy.h */ = {isa = PBXFileReference; fileEncoding = 4; lastKnownFileType = sourcecode.c.h; path = AFSecurityPolicy.h; sourceTree = "<group>"; };
		5D3F674A1F9B66F000DE90E5 /* AFSecurityPolicy.m */ = {isa = PBXFileReference; fileEncoding = 4; lastKnownFileType = sourcecode.c.objc; path = AFSecurityPolicy.m; sourceTree = "<group>"; };
		5D3F674B1F9B66F000DE90E5 /* AFURLRequestSerialization.h */ = {isa = PBXFileReference; fileEncoding = 4; lastKnownFileType = sourcecode.c.h; path = AFURLRequestSerialization.h; sourceTree = "<group>"; };
		5D3F674C1F9B66F000DE90E5 /* AFURLRequestSerialization.m */ = {isa = PBXFileReference; fileEncoding = 4; lastKnownFileType = sourcecode.c.objc; path = AFURLRequestSerialization.m; sourceTree = "<group>"; };
		5D3F674D1F9B66F000DE90E5 /* AFURLResponseSerialization.h */ = {isa = PBXFileReference; fileEncoding = 4; lastKnownFileType = sourcecode.c.h; path = AFURLResponseSerialization.h; sourceTree = "<group>"; };
		5D3F674E1F9B66F000DE90E5 /* AFURLResponseSerialization.m */ = {isa = PBXFileReference; fileEncoding = 4; lastKnownFileType = sourcecode.c.objc; path = AFURLResponseSerialization.m; sourceTree = "<group>"; };
		5D3F674F1F9B66F000DE90E5 /* AFURLSessionManager.h */ = {isa = PBXFileReference; fileEncoding = 4; lastKnownFileType = sourcecode.c.h; path = AFURLSessionManager.h; sourceTree = "<group>"; };
		5D3F67501F9B66F000DE90E5 /* AFURLSessionManager.m */ = {isa = PBXFileReference; fileEncoding = 4; lastKnownFileType = sourcecode.c.objc; path = AFURLSessionManager.m; sourceTree = "<group>"; };
		5D3F67571F9B694100DE90E5 /* testViewController.h */ = {isa = PBXFileReference; fileEncoding = 4; lastKnownFileType = sourcecode.c.h; path = testViewController.h; sourceTree = "<group>"; };
		5D3F67581F9B694100DE90E5 /* testViewController.m */ = {isa = PBXFileReference; fileEncoding = 4; lastKnownFileType = sourcecode.c.objc; path = testViewController.m; sourceTree = "<group>"; };
		5D3F675A1F9B707500DE90E5 /* model.h */ = {isa = PBXFileReference; fileEncoding = 4; lastKnownFileType = sourcecode.c.h; path = model.h; sourceTree = "<group>"; };
		5D3F675B1F9B707500DE90E5 /* model.m */ = {isa = PBXFileReference; fileEncoding = 4; lastKnownFileType = sourcecode.c.objc; path = model.m; sourceTree = "<group>"; };
		5D3F675D1F9B7D6C00DE90E5 /* MBProgressHUD.h */ = {isa = PBXFileReference; fileEncoding = 4; lastKnownFileType = sourcecode.c.h; path = MBProgressHUD.h; sourceTree = "<group>"; };
		5D3F675E1F9B7D6C00DE90E5 /* MBProgressHUD.m */ = {isa = PBXFileReference; fileEncoding = 4; lastKnownFileType = sourcecode.c.objc; path = MBProgressHUD.m; sourceTree = "<group>"; };
		5D9789651FB7513100A5BE50 /* Security.framework */ = {isa = PBXFileReference; lastKnownFileType = wrapper.framework; name = Security.framework; path = System/Library/Frameworks/Security.framework; sourceTree = SDKROOT; };
		5D9789671FB7513900A5BE50 /* libiconv.tbd */ = {isa = PBXFileReference; lastKnownFileType = "sourcecode.text-based-dylib-definition"; name = libiconv.tbd; path = usr/lib/libiconv.tbd; sourceTree = SDKROOT; };
		5D9789691FB7514000A5BE50 /* SystemConfiguration.framework */ = {isa = PBXFileReference; lastKnownFileType = wrapper.framework; name = SystemConfiguration.framework; path = System/Library/Frameworks/SystemConfiguration.framework; sourceTree = SDKROOT; };
		5D97896B1FB7514800A5BE50 /* CoreGraphics.framework */ = {isa = PBXFileReference; lastKnownFileType = wrapper.framework; name = CoreGraphics.framework; path = System/Library/Frameworks/CoreGraphics.framework; sourceTree = SDKROOT; };
		5D97896D1FB7515000A5BE50 /* libsqlite3.tbd */ = {isa = PBXFileReference; lastKnownFileType = "sourcecode.text-based-dylib-definition"; name = libsqlite3.tbd; path = usr/lib/libsqlite3.tbd; sourceTree = SDKROOT; };
		5D97896F1FB7515700A5BE50 /* CoreTelephony.framework */ = {isa = PBXFileReference; lastKnownFileType = wrapper.framework; name = CoreTelephony.framework; path = System/Library/Frameworks/CoreTelephony.framework; sourceTree = SDKROOT; };
		5D9789711FB7516000A5BE50 /* libstdc++.tbd */ = {isa = PBXFileReference; lastKnownFileType = "sourcecode.text-based-dylib-definition"; name = "libstdc++.tbd"; path = "usr/lib/libstdc++.tbd"; sourceTree = SDKROOT; };
		5D9789731FB7516C00A5BE50 /* libz.tbd */ = {isa = PBXFileReference; lastKnownFileType = "sourcecode.text-based-dylib-definition"; name = libz.tbd; path = usr/lib/libz.tbd; sourceTree = SDKROOT; };
		5D9789761FB754D700A5BE50 /* TencentOpenApi_IOS_Bundle.bundle */ = {isa = PBXFileReference; lastKnownFileType = "wrapper.plug-in"; path = TencentOpenApi_IOS_Bundle.bundle; sourceTree = "<group>"; };
		5D9789781FB754DC00A5BE50 /* TencentOpenAPI.framework */ = {isa = PBXFileReference; lastKnownFileType = wrapper.framework; name = TencentOpenAPI.framework; path = "授权/TencentOpenAPI.framework"; sourceTree = "<group>"; };
/* End PBXFileReference section */

/* Begin PBXFrameworksBuildPhase section */
		5D3F67001F9B652F00DE90E5 /* Frameworks */ = {
			isa = PBXFrameworksBuildPhase;
			buildActionMask = 2147483647;
			files = (
				5D9789741FB7516C00A5BE50 /* libz.tbd in Frameworks */,
				5D9789791FB754DC00A5BE50 /* TencentOpenAPI.framework in Frameworks */,
				5D9789721FB7516000A5BE50 /* libstdc++.tbd in Frameworks */,
				5D9789701FB7515700A5BE50 /* CoreTelephony.framework in Frameworks */,
				5D97896E1FB7515000A5BE50 /* libsqlite3.tbd in Frameworks */,
				5D97896C1FB7514800A5BE50 /* CoreGraphics.framework in Frameworks */,
				5D97896A1FB7514000A5BE50 /* SystemConfiguration.framework in Frameworks */,
				5D9789681FB7513900A5BE50 /* libiconv.tbd in Frameworks */,
				5D9789661FB7513100A5BE50 /* Security.framework in Frameworks */,
			);
			runOnlyForDeploymentPostprocessing = 0;
		};
		5D3F67191F9B652F00DE90E5 /* Frameworks */ = {
			isa = PBXFrameworksBuildPhase;
			buildActionMask = 2147483647;
			files = (
			);
			runOnlyForDeploymentPostprocessing = 0;
		};
		5D3F67241F9B652F00DE90E5 /* Frameworks */ = {
			isa = PBXFrameworksBuildPhase;
			buildActionMask = 2147483647;
			files = (
			);
			runOnlyForDeploymentPostprocessing = 0;
		};
/* End PBXFrameworksBuildPhase section */

/* Begin PBXGroup section */
		5D3F66FA1F9B652F00DE90E5 = {
			isa = PBXGroup;
			children = (
				5D3F67051F9B652F00DE90E5 /* 授权 */,
				5D3F671F1F9B652F00DE90E5 /* 授权Tests */,
				5D3F672A1F9B652F00DE90E5 /* 授权UITests */,
				5D3F67041F9B652F00DE90E5 /* Products */,
				5D9789641FB7513100A5BE50 /* Frameworks */,
			);
			sourceTree = "<group>";
		};
		5D3F67041F9B652F00DE90E5 /* Products */ = {
			isa = PBXGroup;
			children = (
				5D3F67031F9B652F00DE90E5 /* 授权.app */,
				5D3F671C1F9B652F00DE90E5 /* 授权Tests.xctest */,
				5D3F67271F9B652F00DE90E5 /* 授权UITests.xctest */,
			);
			name = Products;
			sourceTree = "<group>";
		};
		5D3F67051F9B652F00DE90E5 /* 授权 */ = {
			isa = PBXGroup;
			children = (
				5D9789761FB754D700A5BE50 /* TencentOpenApi_IOS_Bundle.bundle */,
				5D3F675D1F9B7D6C00DE90E5 /* MBProgressHUD.h */,
				5D3F675E1F9B7D6C00DE90E5 /* MBProgressHUD.m */,
				5D3F67431F9B66F000DE90E5 /* AFNetworking */,
				5D3F67091F9B652F00DE90E5 /* AppDelegate.h */,
				5D3F670A1F9B652F00DE90E5 /* AppDelegate.m */,
				5D3F670C1F9B652F00DE90E5 /* ViewController.h */,
				5D3F670D1F9B652F00DE90E5 /* ViewController.m */,
				5D3F675A1F9B707500DE90E5 /* model.h */,
				5D3F675B1F9B707500DE90E5 /* model.m */,
				5D3F67571F9B694100DE90E5 /* testViewController.h */,
				5D3F67581F9B694100DE90E5 /* testViewController.m */,
				5D3F670F1F9B652F00DE90E5 /* Main.storyboard */,
				5D3F67121F9B652F00DE90E5 /* Assets.xcassets */,
				5D3F67141F9B652F00DE90E5 /* LaunchScreen.storyboard */,
				5D3F67171F9B652F00DE90E5 /* Info.plist */,
				5D3F67061F9B652F00DE90E5 /* Supporting Files */,
			);
			path = "授权";
			sourceTree = "<group>";
		};
		5D3F67061F9B652F00DE90E5 /* Supporting Files */ = {
			isa = PBXGroup;
			children = (
				5D3F67071F9B652F00DE90E5 /* main.m */,
			);
			name = "Supporting Files";
			sourceTree = "<group>";
		};
		5D3F671F1F9B652F00DE90E5 /* 授权Tests */ = {
			isa = PBXGroup;
			children = (
				5D3F67201F9B652F00DE90E5 /* __Tests.m */,
				5D3F67221F9B652F00DE90E5 /* Info.plist */,
			);
			path = "授权Tests";
			sourceTree = "<group>";
		};
		5D3F672A1F9B652F00DE90E5 /* 授权UITests */ = {
			isa = PBXGroup;
			children = (
				5D3F672B1F9B652F00DE90E5 /* __UITests.m */,
				5D3F672D1F9B652F00DE90E5 /* Info.plist */,
			);
			path = "授权UITests";
			sourceTree = "<group>";
		};
		5D3F67431F9B66F000DE90E5 /* AFNetworking */ = {
			isa = PBXGroup;
			children = (
				5D3F67441F9B66F000DE90E5 /* AFHTTPSessionManager.h */,
				5D3F67451F9B66F000DE90E5 /* AFHTTPSessionManager.m */,
				5D3F67461F9B66F000DE90E5 /* AFNetworking.h */,
				5D3F67471F9B66F000DE90E5 /* AFNetworkReachabilityManager.h */,
				5D3F67481F9B66F000DE90E5 /* AFNetworkReachabilityManager.m */,
				5D3F67491F9B66F000DE90E5 /* AFSecurityPolicy.h */,
				5D3F674A1F9B66F000DE90E5 /* AFSecurityPolicy.m */,
				5D3F674B1F9B66F000DE90E5 /* AFURLRequestSerialization.h */,
				5D3F674C1F9B66F000DE90E5 /* AFURLRequestSerialization.m */,
				5D3F674D1F9B66F000DE90E5 /* AFURLResponseSerialization.h */,
				5D3F674E1F9B66F000DE90E5 /* AFURLResponseSerialization.m */,
				5D3F674F1F9B66F000DE90E5 /* AFURLSessionManager.h */,
				5D3F67501F9B66F000DE90E5 /* AFURLSessionManager.m */,
			);
			path = AFNetworking;
			sourceTree = "<group>";
		};
		5D9789641FB7513100A5BE50 /* Frameworks */ = {
			isa = PBXGroup;
			children = (
				5D9789781FB754DC00A5BE50 /* TencentOpenAPI.framework */,
				5D9789731FB7516C00A5BE50 /* libz.tbd */,
				5D9789711FB7516000A5BE50 /* libstdc++.tbd */,
				5D97896F1FB7515700A5BE50 /* CoreTelephony.framework */,
				5D97896D1FB7515000A5BE50 /* libsqlite3.tbd */,
				5D97896B1FB7514800A5BE50 /* CoreGraphics.framework */,
				5D9789691FB7514000A5BE50 /* SystemConfiguration.framework */,
				5D9789671FB7513900A5BE50 /* libiconv.tbd */,
				5D9789651FB7513100A5BE50 /* Security.framework */,
			);
			name = Frameworks;
			sourceTree = "<group>";
		};
/* End PBXGroup section */

/* Begin PBXNativeTarget section */
		5D3F67021F9B652F00DE90E5 /* 授权 */ = {
			isa = PBXNativeTarget;
			buildConfigurationList = 5D3F67301F9B652F00DE90E5 /* Build configuration list for PBXNativeTarget "授权" */;
			buildPhases = (
				5D3F66FF1F9B652F00DE90E5 /* Sources */,
				5D3F67001F9B652F00DE90E5 /* Frameworks */,
				5D3F67011F9B652F00DE90E5 /* Resources */,
			);
			buildRules = (
			);
			dependencies = (
			);
			name = "授权";
			productName = "授权";
			productReference = 5D3F67031F9B652F00DE90E5 /* 授权.app */;
			productType = "com.apple.product-type.application";
		};
		5D3F671B1F9B652F00DE90E5 /* 授权Tests */ = {
			isa = PBXNativeTarget;
			buildConfigurationList = 5D3F67331F9B652F00DE90E5 /* Build configuration list for PBXNativeTarget "授权Tests" */;
			buildPhases = (
				5D3F67181F9B652F00DE90E5 /* Sources */,
				5D3F67191F9B652F00DE90E5 /* Frameworks */,
				5D3F671A1F9B652F00DE90E5 /* Resources */,
			);
			buildRules = (
			);
			dependencies = (
				5D3F671E1F9B652F00DE90E5 /* PBXTargetDependency */,
			);
			name = "授权Tests";
			productName = "授权Tests";
			productReference = 5D3F671C1F9B652F00DE90E5 /* 授权Tests.xctest */;
			productType = "com.apple.product-type.bundle.unit-test";
		};
		5D3F67261F9B652F00DE90E5 /* 授权UITests */ = {
			isa = PBXNativeTarget;
			buildConfigurationList = 5D3F67361F9B652F00DE90E5 /* Build configuration list for PBXNativeTarget "授权UITests" */;
			buildPhases = (
				5D3F67231F9B652F00DE90E5 /* Sources */,
				5D3F67241F9B652F00DE90E5 /* Frameworks */,
				5D3F67251F9B652F00DE90E5 /* Resources */,
			);
			buildRules = (
			);
			dependencies = (
				5D3F67291F9B652F00DE90E5 /* PBXTargetDependency */,
			);
			name = "授权UITests";
			productName = "授权UITests";
			productReference = 5D3F67271F9B652F00DE90E5 /* 授权UITests.xctest */;
			productType = "com.apple.product-type.bundle.ui-testing";
		};
/* End PBXNativeTarget section */

/* Begin PBXProject section */
		5D3F66FB1F9B652F00DE90E5 /* Project object */ = {
			isa = PBXProject;
			attributes = {
				LastUpgradeCheck = 0820;
				ORGANIZATIONNAME = "罗刺猬";
				TargetAttributes = {
					5D3F67021F9B652F00DE90E5 = {
						CreatedOnToolsVersion = 8.2.1;
						ProvisioningStyle = Automatic;
					};
					5D3F671B1F9B652F00DE90E5 = {
						CreatedOnToolsVersion = 8.2.1;
						ProvisioningStyle = Automatic;
						TestTargetID = 5D3F67021F9B652F00DE90E5;
					};
					5D3F67261F9B652F00DE90E5 = {
						CreatedOnToolsVersion = 8.2.1;
						ProvisioningStyle = Automatic;
						TestTargetID = 5D3F67021F9B652F00DE90E5;
					};
				};
			};
			buildConfigurationList = 5D3F66FE1F9B652F00DE90E5 /* Build configuration list for PBXProject "授权" */;
			compatibilityVersion = "Xcode 3.2";
			developmentRegion = English;
			hasScannedForEncodings = 0;
			knownRegions = (
				en,
				Base,
			);
			mainGroup = 5D3F66FA1F9B652F00DE90E5;
			productRefGroup = 5D3F67041F9B652F00DE90E5 /* Products */;
			projectDirPath = "";
			projectRoot = "";
			targets = (
				5D3F67021F9B652F00DE90E5 /* 授权 */,
				5D3F671B1F9B652F00DE90E5 /* 授权Tests */,
				5D3F67261F9B652F00DE90E5 /* 授权UITests */,
			);
		};
/* End PBXProject section */

/* Begin PBXResourcesBuildPhase section */
		5D3F67011F9B652F00DE90E5 /* Resources */ = {
			isa = PBXResourcesBuildPhase;
			buildActionMask = 2147483647;
			files = (
				5D9789771FB754D700A5BE50 /* TencentOpenApi_IOS_Bundle.bundle in Resources */,
				5D3F67161F9B652F00DE90E5 /* LaunchScreen.storyboard in Resources */,
				5D3F67131F9B652F00DE90E5 /* Assets.xcassets in Resources */,
				5D3F67111F9B652F00DE90E5 /* Main.storyboard in Resources */,
			);
			runOnlyForDeploymentPostprocessing = 0;
		};
		5D3F671A1F9B652F00DE90E5 /* Resources */ = {
			isa = PBXResourcesBuildPhase;
			buildActionMask = 2147483647;
			files = (
			);
			runOnlyForDeploymentPostprocessing = 0;
		};
		5D3F67251F9B652F00DE90E5 /* Resources */ = {
			isa = PBXResourcesBuildPhase;
			buildActionMask = 2147483647;
			files = (
			);
			runOnlyForDeploymentPostprocessing = 0;
		};
/* End PBXResourcesBuildPhase section */

/* Begin PBXSourcesBuildPhase section */
		5D3F66FF1F9B652F00DE90E5 /* Sources */ = {
			isa = PBXSourcesBuildPhase;
			buildActionMask = 2147483647;
			files = (
				5D3F67561F9B66F000DE90E5 /* AFURLSessionManager.m in Sources */,
				5D3F675C1F9B707500DE90E5 /* model.m in Sources */,
				5D3F670E1F9B652F00DE90E5 /* ViewController.m in Sources */,
				5D3F670B1F9B652F00DE90E5 /* AppDelegate.m in Sources */,
				5D3F67521F9B66F000DE90E5 /* AFNetworkReachabilityManager.m in Sources */,
				5D3F67591F9B694100DE90E5 /* testViewController.m in Sources */,
				5D3F67081F9B652F00DE90E5 /* main.m in Sources */,
				5D3F675F1F9B7D6C00DE90E5 /* MBProgressHUD.m in Sources */,
				5D3F67531F9B66F000DE90E5 /* AFSecurityPolicy.m in Sources */,
				5D3F67541F9B66F000DE90E5 /* AFURLRequestSerialization.m in Sources */,
				5D3F67551F9B66F000DE90E5 /* AFURLResponseSerialization.m in Sources */,
				5D3F67511F9B66F000DE90E5 /* AFHTTPSessionManager.m in Sources */,
			);
			runOnlyForDeploymentPostprocessing = 0;
		};
		5D3F67181F9B652F00DE90E5 /* Sources */ = {
			isa = PBXSourcesBuildPhase;
			buildActionMask = 2147483647;
			files = (
				5D3F67211F9B652F00DE90E5 /* __Tests.m in Sources */,
			);
			runOnlyForDeploymentPostprocessing = 0;
		};
		5D3F67231F9B652F00DE90E5 /* Sources */ = {
			isa = PBXSourcesBuildPhase;
			buildActionMask = 2147483647;
			files = (
				5D3F672C1F9B652F00DE90E5 /* __UITests.m in Sources */,
			);
			runOnlyForDeploymentPostprocessing = 0;
		};
/* End PBXSourcesBuildPhase section */

/* Begin PBXTargetDependency section */
		5D3F671E1F9B652F00DE90E5 /* PBXTargetDependency */ = {
			isa = PBXTargetDependency;
			target = 5D3F67021F9B652F00DE90E5 /* 授权 */;
			targetProxy = 5D3F671D1F9B652F00DE90E5 /* PBXContainerItemProxy */;
		};
		5D3F67291F9B652F00DE90E5 /* PBXTargetDependency */ = {
			isa = PBXTargetDependency;
			target = 5D3F67021F9B652F00DE90E5 /* 授权 */;
			targetProxy = 5D3F67281F9B652F00DE90E5 /* PBXContainerItemProxy */;
		};
/* End PBXTargetDependency section */

/* Begin PBXVariantGroup section */
		5D3F670F1F9B652F00DE90E5 /* Main.storyboard */ = {
			isa = PBXVariantGroup;
			children = (
				5D3F67101F9B652F00DE90E5 /* Base */,
			);
			name = Main.storyboard;
			sourceTree = "<group>";
		};
		5D3F67141F9B652F00DE90E5 /* LaunchScreen.storyboard */ = {
			isa = PBXVariantGroup;
			children = (
				5D3F67151F9B652F00DE90E5 /* Base */,
			);
			name = LaunchScreen.storyboard;
			sourceTree = "<group>";
		};
/* End PBXVariantGroup section */

/* Begin XCBuildConfiguration section */
		5D3F672E1F9B652F00DE90E5 /* Debug */ = {
			isa = XCBuildConfiguration;
			buildSettings = {
				ALWAYS_SEARCH_USER_PATHS = NO;
				CLANG_ANALYZER_NONNULL = YES;
				CLANG_CXX_LANGUAGE_STANDARD = "gnu++0x";
				CLANG_CXX_LIBRARY = "libc++";
				CLANG_ENABLE_MODULES = YES;
				CLANG_ENABLE_OBJC_ARC = YES;
				CLANG_WARN_BOOL_CONVERSION = YES;
				CLANG_WARN_CONSTANT_CONVERSION = YES;
				CLANG_WARN_DIRECT_OBJC_ISA_USAGE = YES_ERROR;
				CLANG_WARN_DOCUMENTATION_COMMENTS = YES;
				CLANG_WARN_EMPTY_BODY = YES;
				CLANG_WARN_ENUM_CONVERSION = YES;
				CLANG_WARN_INFINITE_RECURSION = YES;
				CLANG_WARN_INT_CONVERSION = YES;
				CLANG_WARN_OBJC_ROOT_CLASS = YES_ERROR;
				CLANG_WARN_SUSPICIOUS_MOVE = YES;
				CLANG_WARN_UNREACHABLE_CODE = YES;
				CLANG_WARN__DUPLICATE_METHOD_MATCH = YES;
				"CODE_SIGN_IDENTITY[sdk=iphoneos*]" = "iPhone Developer";
				COPY_PHASE_STRIP = NO;
				DEBUG_INFORMATION_FORMAT = dwarf;
				ENABLE_STRICT_OBJC_MSGSEND = YES;
				ENABLE_TESTABILITY = YES;
				GCC_C_LANGUAGE_STANDARD = gnu99;
				GCC_DYNAMIC_NO_PIC = NO;
				GCC_NO_COMMON_BLOCKS = YES;
				GCC_OPTIMIZATION_LEVEL = 0;
				GCC_PREPROCESSOR_DEFINITIONS = (
					"DEBUG=1",
					"$(inherited)",
				);
				GCC_WARN_64_TO_32_BIT_CONVERSION = YES;
				GCC_WARN_ABOUT_RETURN_TYPE = YES_ERROR;
				GCC_WARN_UNDECLARED_SELECTOR = YES;
				GCC_WARN_UNINITIALIZED_AUTOS = YES_AGGRESSIVE;
				GCC_WARN_UNUSED_FUNCTION = YES;
				GCC_WARN_UNUSED_VARIABLE = YES;
				IPHONEOS_DEPLOYMENT_TARGET = 10.2;
				MTL_ENABLE_DEBUG_INFO = YES;
				ONLY_ACTIVE_ARCH = YES;
				SDKROOT = iphoneos;
			};
			name = Debug;
		};
		5D3F672F1F9B652F00DE90E5 /* Release */ = {
			isa = XCBuildConfiguration;
			buildSettings = {
				ALWAYS_SEARCH_USER_PATHS = NO;
				CLANG_ANALYZER_NONNULL = YES;
				CLANG_CXX_LANGUAGE_STANDARD = "gnu++0x";
				CLANG_CXX_LIBRARY = "libc++";
				CLANG_ENABLE_MODULES = YES;
				CLANG_ENABLE_OBJC_ARC = YES;
				CLANG_WARN_BOOL_CONVERSION = YES;
				CLANG_WARN_CONSTANT_CONVERSION = YES;
				CLANG_WARN_DIRECT_OBJC_ISA_USAGE = YES_ERROR;
				CLANG_WARN_DOCUMENTATION_COMMENTS = YES;
				CLANG_WARN_EMPTY_BODY = YES;
				CLANG_WARN_ENUM_CONVERSION = YES;
				CLANG_WARN_INFINITE_RECURSION = YES;
				CLANG_WARN_INT_CONVERSION = YES;
				CLANG_WARN_OBJC_ROOT_CLASS = YES_ERROR;
				CLANG_WARN_SUSPICIOUS_MOVE = YES;
				CLANG_WARN_UNREACHABLE_CODE = YES;
				CLANG_WARN__DUPLICATE_METHOD_MATCH = YES;
				"CODE_SIGN_IDENTITY[sdk=iphoneos*]" = "iPhone Developer";
				COPY_PHASE_STRIP = NO;
				DEBUG_INFORMATION_FORMAT = "dwarf-with-dsym";
				ENABLE_NS_ASSERTIONS = NO;
				ENABLE_STRICT_OBJC_MSGSEND = YES;
				GCC_C_LANGUAGE_STANDARD = gnu99;
				GCC_NO_COMMON_BLOCKS = YES;
				GCC_WARN_64_TO_32_BIT_CONVERSION = YES;
				GCC_WARN_ABOUT_RETURN_TYPE = YES_ERROR;
				GCC_WARN_UNDECLARED_SELECTOR = YES;
				GCC_WARN_UNINITIALIZED_AUTOS = YES_AGGRESSIVE;
				GCC_WARN_UNUSED_FUNCTION = YES;
				GCC_WARN_UNUSED_VARIABLE = YES;
				IPHONEOS_DEPLOYMENT_TARGET = 10.2;
				MTL_ENABLE_DEBUG_INFO = NO;
				SDKROOT = iphoneos;
				VALIDATE_PRODUCT = YES;
			};
			name = Release;
		};
		5D3F67311F9B652F00DE90E5 /* Debug */ = {
			isa = XCBuildConfiguration;
			buildSettings = {
				ASSETCATALOG_COMPILER_APPICON_NAME = AppIcon;
				FRAMEWORK_SEARCH_PATHS = (
					"$(inherited)",
					"$(PROJECT_DIR)/授权",
				);
				INFOPLIST_FILE = "授权/Info.plist";
				LD_RUNPATH_SEARCH_PATHS = "$(inherited) @executable_path/Frameworks";
				OTHER_LDFLAGS = "-fobjc-arc";
				PRODUCT_BUNDLE_IDENTIFIER = "foxconn.com.--";
				PRODUCT_NAME = "$(TARGET_NAME)";
			};
			name = Debug;
		};
		5D3F67321F9B652F00DE90E5 /* Release */ = {
			isa = XCBuildConfiguration;
			buildSettings = {
				ASSETCATALOG_COMPILER_APPICON_NAME = AppIcon;
				FRAMEWORK_SEARCH_PATHS = (
					"$(inherited)",
					"$(PROJECT_DIR)/授权",
				);
				INFOPLIST_FILE = "授权/Info.plist";
				LD_RUNPATH_SEARCH_PATHS = "$(inherited) @executable_path/Frameworks";
				OTHER_LDFLAGS = "-fobjc-arc";
				PRODUCT_BUNDLE_IDENTIFIER = "foxconn.com.--";
				PRODUCT_NAME = "$(TARGET_NAME)";
			};
			name = Release;
		};
		5D3F67341F9B652F00DE90E5 /* Debug */ = {
			isa = XCBuildConfiguration;
			buildSettings = {
				BUNDLE_LOADER = "$(TEST_HOST)";
				INFOPLIST_FILE = "授权Tests/Info.plist";
				LD_RUNPATH_SEARCH_PATHS = "$(inherited) @executable_path/Frameworks @loader_path/Frameworks";
				PRODUCT_BUNDLE_IDENTIFIER = "foxconn.com.--Tests";
				PRODUCT_NAME = "$(TARGET_NAME)";
				TEST_HOST = "$(BUILT_PRODUCTS_DIR)/授权.app/授权";
			};
			name = Debug;
		};
		5D3F67351F9B652F00DE90E5 /* Release */ = {
			isa = XCBuildConfiguration;
			buildSettings = {
				BUNDLE_LOADER = "$(TEST_HOST)";
				INFOPLIST_FILE = "授权Tests/Info.plist";
				LD_RUNPATH_SEARCH_PATHS = "$(inherited) @executable_path/Frameworks @loader_path/Frameworks";
				PRODUCT_BUNDLE_IDENTIFIER = "foxconn.com.--Tests";
				PRODUCT_NAME = "$(TARGET_NAME)";
				TEST_HOST = "$(BUILT_PRODUCTS_DIR)/授权.app/授权";
			};
			name = Release;
		};
		5D3F67371F9B652F00DE90E5 /* Debug */ = {
			isa = XCBuildConfiguration;
			buildSettings = {
				INFOPLIST_FILE = "授权UITests/Info.plist";
				LD_RUNPATH_SEARCH_PATHS = "$(inherited) @executable_path/Frameworks @loader_path/Frameworks";
				PRODUCT_BUNDLE_IDENTIFIER = "foxconn.com.--UITests";
				PRODUCT_NAME = "$(TARGET_NAME)";
				TEST_TARGET_NAME = "授权";
			};
			name = Debug;
		};
		5D3F67381F9B652F00DE90E5 /* Release */ = {
			isa = XCBuildConfiguration;
			buildSettings = {
				INFOPLIST_FILE = "授权UITests/Info.plist";
				LD_RUNPATH_SEARCH_PATHS = "$(inherited) @executable_path/Frameworks @loader_path/Frameworks";
				PRODUCT_BUNDLE_IDENTIFIER = "foxconn.com.--UITests";
				PRODUCT_NAME = "$(TARGET_NAME)";
				TEST_TARGET_NAME = "授权";
			};
			name = Release;
		};
/* End XCBuildConfiguration section */

/* Begin XCConfigurationList section */
		5D3F66FE1F9B652F00DE90E5 /* Build configuration list for PBXProject "授权" */ = {
			isa = XCConfigurationList;
			buildConfigurations = (
				5D3F672E1F9B652F00DE90E5 /* Debug */,
				5D3F672F1F9B652F00DE90E5 /* Release */,
			);
			defaultConfigurationIsVisible = 0;
			defaultConfigurationName = Release;
		};
		5D3F67301F9B652F00DE90E5 /* Build configuration list for PBXNativeTarget "授权" */ = {
			isa = XCConfigurationList;
			buildConfigurations = (
				5D3F67311F9B652F00DE90E5 /* Debug */,
				5D3F67321F9B652F00DE90E5 /* Release */,
			);
			defaultConfigurationIsVisible = 0;
			defaultConfigurationName = Release;
		};
		5D3F67331F9B652F00DE90E5 /* Build configuration list for PBXNativeTarget "授权Tests" */ = {
			isa = XCConfigurationList;
			buildConfigurations = (
				5D3F67341F9B652F00DE90E5 /* Debug */,
				5D3F67351F9B652F00DE90E5 /* Release */,
			);
			defaultConfigurationIsVisible = 0;
			defaultConfigurationName = Release;
		};
		5D3F67361F9B652F00DE90E5 /* Build configuration list for PBXNativeTarget "授权UITests" */ = {
			isa = XCConfigurationList;
			buildConfigurations = (
				5D3F67371F9B652F00DE90E5 /* Debug */,
				5D3F67381F9B652F00DE90E5 /* Release */,
			);
			defaultConfigurationIsVisible = 0;
			defaultConfigurationName = Release;
		};
/* End XCConfigurationList section */
	};
	rootObject = 5D3F66FB1F9B652F00DE90E5 /* Project object */;
}
